
Microsoft Visual Studio Solution File, Format Version 12.00
# Visual Studio Version 17
VisualStudioVersion = 17.14.36518.9 d17.14
MinimumVisualStudioVersion = 10.0.40219.1
Project("{00D1A9C2-B5F0-4AF3-8072-F6C62B433612}") = "LibraryDatabase", "LibraryDatabase\LibraryDatabase.sqlproj", "{5AFFD34A-05EF-470C-9F8C-E21EF8F90A0A}"
EndProject
Global
	GlobalSection(SolutionConfigurationPlatforms) = preSolution
		Debug|Any CPU = Debug|Any CPU
		Release|Any CPU = Release|Any CPU
	EndGlobalSection
	GlobalSection(ProjectConfigurationPlatforms) = postSolution
		{5AFFD34A-05EF-470C-9F8C-E21EF8F90A0A}.Debug|Any CPU.ActiveCfg = Debug|Any CPU
		{5AFFD34A-05EF-470C-9F8C-E21EF8F90A0A}.Debug|Any CPU.Build.0 = Debug|Any CPU
		{5AFFD34A-05EF-470C-9F8C-E21EF8F90A0A}.Debug|Any CPU.Deploy.0 = Debug|Any CPU
		{5AFFD34A-05EF-470C-9F8C-E21EF8F90A0A}.Release|Any CPU.ActiveCfg = Release|Any CPU
		{5AFFD34A-05EF-470C-9F8C-E21EF8F90A0A}.Release|Any CPU.Build.0 = Release|Any CPU
		{5AFFD34A-05EF-470C-9F8C-E21EF8F90A0A}.Release|Any CPU.Deploy.0 = Release|Any CPU
	EndGlobalSection
	GlobalSection(SolutionProperties) = preSolution
		HideSolutionNode = FALSE
	EndGlobalSection
	GlobalSection(ExtensibilityGlobals) = postSolution
		SolutionGuid = {25B6583C-A901-4779-BA6C-2FBDE330DA91}
	EndGlobalSection
EndGlobal
